
Microsoft Visual Studio Solution File, Format Version 12.00
# Visual Studio Version 16
VisualStudioVersion = 16.0.30804.86
MinimumVisualStudioVersion = 10.0.40219.1
Project("{FAE04EC0-301F-11D3-BF4B-00C04F79EFBC}") = "UI", "UI\UI.csproj", "{D259060B-BB78-40E8-B33E-91113C5DA636}"
	ProjectSection(ProjectDependencies) = postProject
		{7E9E7B17-2BFB-42A6-A157-BD332AD19B64} = {7E9E7B17-2BFB-42A6-A157-BD332AD19B64}
		{D57157DD-2637-4BAA-BF52-BC7F525116C1} = {D57157DD-2637-4BAA-BF52-BC7F525116C1}
	EndProjectSection
EndProject
Project("{FAE04EC0-301F-11D3-BF4B-00C04F79EFBC}") = "BO", "BO\BO.csproj", "{D57157DD-2637-4BAA-BF52-BC7F525116C1}"
EndProject
Project("{FAE04EC0-301F-11D3-BF4B-00C04F79EFBC}") = "BL", "BL\BL.csproj", "{7E9E7B17-2BFB-42A6-A157-BD332AD19B64}"
	ProjectSection(ProjectDependencies) = postProject
		{93B5638F-0886-4841-BC74-67ACF727D822} = {93B5638F-0886-4841-BC74-67ACF727D822}
		{D57157DD-2637-4BAA-BF52-BC7F525116C1} = {D57157DD-2637-4BAA-BF52-BC7F525116C1}
	EndProjectSection
EndProject
Project("{FAE04EC0-301F-11D3-BF4B-00C04F79EFBC}") = "DL", "DL\DL.csproj", "{93B5638F-0886-4841-BC74-67ACF727D822}"
	ProjectSection(ProjectDependencies) = postProject
		{D57157DD-2637-4BAA-BF52-BC7F525116C1} = {D57157DD-2637-4BAA-BF52-BC7F525116C1}
	EndProjectSection
EndProject
Global
	GlobalSection(SolutionConfigurationPlatforms) = preSolution
		Debug|Any CPU = Debug|Any CPU
		Release|Any CPU = Release|Any CPU
	EndGlobalSection
	GlobalSection(ProjectConfigurationPlatforms) = postSolution
		{D259060B-BB78-40E8-B33E-91113C5DA636}.Debug|Any CPU.ActiveCfg = Debug|Any CPU
		{D259060B-BB78-40E8-B33E-91113C5DA636}.Debug|Any CPU.Build.0 = Debug|Any CPU
		{D259060B-BB78-40E8-B33E-91113C5DA636}.Release|Any CPU.ActiveCfg = Release|Any CPU
		{D259060B-BB78-40E8-B33E-91113C5DA636}.Release|Any CPU.Build.0 = Release|Any CPU
		{D57157DD-2637-4BAA-BF52-BC7F525116C1}.Debug|Any CPU.ActiveCfg = Debug|Any CPU
		{D57157DD-2637-4BAA-BF52-BC7F525116C1}.Debug|Any CPU.Build.0 = Debug|Any CPU
		{D57157DD-2637-4BAA-BF52-BC7F525116C1}.Release|Any CPU.ActiveCfg = Release|Any CPU
		{D57157DD-2637-4BAA-BF52-BC7F525116C1}.Release|Any CPU.Build.0 = Release|Any CPU
		{7E9E7B17-2BFB-42A6-A157-BD332AD19B64}.Debug|Any CPU.ActiveCfg = Debug|Any CPU
		{7E9E7B17-2BFB-42A6-A157-BD332AD19B64}.Debug|Any CPU.Build.0 = Debug|Any CPU
		{7E9E7B17-2BFB-42A6-A157-BD332AD19B64}.Release|Any CPU.ActiveCfg = Release|Any CPU
		{7E9E7B17-2BFB-42A6-A157-BD332AD19B64}.Release|Any CPU.Build.0 = Release|Any CPU
		{93B5638F-0886-4841-BC74-67ACF727D822}.Debug|Any CPU.ActiveCfg = Debug|Any CPU
		{93B5638F-0886-4841-BC74-67ACF727D822}.Debug|Any CPU.Build.0 = Debug|Any CPU
		{93B5638F-0886-4841-BC74-67ACF727D822}.Release|Any CPU.ActiveCfg = Release|Any CPU
		{93B5638F-0886-4841-BC74-67ACF727D822}.Release|Any CPU.Build.0 = Release|Any CPU
	EndGlobalSection
	GlobalSection(SolutionProperties) = preSolution
		HideSolutionNode = FALSE
	EndGlobalSection
	GlobalSection(ExtensibilityGlobals) = postSolution
		SolutionGuid = {0B9B043D-1BA0-4BB8-934D-DCE50838DDB3}
	EndGlobalSection
EndGlobal
